
Microsoft Visual Studio Solution File, Format Version 12.00
# Visual Studio Version 17
VisualStudioVersion = 17.0.31903.59
MinimumVisualStudioVersion = 10.0.40219.1
Project("{FAE04EC0-301F-11D3-BF4B-00C04F79EFBC}") = "BlazorApp", "BlazorApp\BlazorApp.csproj", "{CE427684-0BA9-4763-936F-46C36DE77A8C}"
EndProject
Project("{FAE04EC0-301F-11D3-BF4B-00C04F79EFBC}") = "DummyDbData", "DummyDbData\DummyDbData.csproj", "{310CF531-30E0-4E7A-8D66-766B9B73E1B8}"
EndProject
Project("{FAE04EC0-301F-11D3-BF4B-00C04F79EFBC}") = "BlazorApp.Tests", "BlazorApp.Tests\BlazorApp.Tests.csproj", "{328C328A-D6BE-4062-8A7C-5338E630415C}"
EndProject
Project("{FAE04EC0-301F-11D3-BF4B-00C04F79EFBC}") = "RolesAndPermissions", "RolesAndPermissions\RolesAndPermissions.csproj", "{82EBF9AE-C9FA-4FE7-8A28-915AE269197F}"
EndProject
Project("{FAE04EC0-301F-11D3-BF4B-00C04F79EFBC}") = "RolesAndPermissions.Tests", "RolesAndPermissions.Tests\RolesAndPermissions.Tests.csproj", "{E2528B90-FAA1-41AE-9D6D-D9359EB8ACB1}"
EndProject
Global
	GlobalSection(SolutionConfigurationPlatforms) = preSolution
		Debug|Any CPU = Debug|Any CPU
		Release|Any CPU = Release|Any CPU
	EndGlobalSection
	GlobalSection(SolutionProperties) = preSolution
		HideSolutionNode = FALSE
	EndGlobalSection
	GlobalSection(ProjectConfigurationPlatforms) = postSolution
		{93212615-227A-4CC4-A1B7-D38B8BAAE575}.Debug|Any CPU.ActiveCfg = Debug|Any CPU
		{93212615-227A-4CC4-A1B7-D38B8BAAE575}.Debug|Any CPU.Build.0 = Debug|Any CPU
		{93212615-227A-4CC4-A1B7-D38B8BAAE575}.Release|Any CPU.ActiveCfg = Release|Any CPU
		{93212615-227A-4CC4-A1B7-D38B8BAAE575}.Release|Any CPU.Build.0 = Release|Any CPU
		{CE427684-0BA9-4763-936F-46C36DE77A8C}.Debug|Any CPU.ActiveCfg = Debug|Any CPU
		{CE427684-0BA9-4763-936F-46C36DE77A8C}.Debug|Any CPU.Build.0 = Debug|Any CPU
		{CE427684-0BA9-4763-936F-46C36DE77A8C}.Release|Any CPU.ActiveCfg = Release|Any CPU
		{CE427684-0BA9-4763-936F-46C36DE77A8C}.Release|Any CPU.Build.0 = Release|Any CPU
		{310CF531-30E0-4E7A-8D66-766B9B73E1B8}.Debug|Any CPU.ActiveCfg = Debug|Any CPU
		{310CF531-30E0-4E7A-8D66-766B9B73E1B8}.Debug|Any CPU.Build.0 = Debug|Any CPU
		{310CF531-30E0-4E7A-8D66-766B9B73E1B8}.Release|Any CPU.ActiveCfg = Release|Any CPU
		{310CF531-30E0-4E7A-8D66-766B9B73E1B8}.Release|Any CPU.Build.0 = Release|Any CPU
		{328C328A-D6BE-4062-8A7C-5338E630415C}.Debug|Any CPU.ActiveCfg = Debug|Any CPU
		{328C328A-D6BE-4062-8A7C-5338E630415C}.Debug|Any CPU.Build.0 = Debug|Any CPU
		{328C328A-D6BE-4062-8A7C-5338E630415C}.Release|Any CPU.ActiveCfg = Release|Any CPU
		{328C328A-D6BE-4062-8A7C-5338E630415C}.Release|Any CPU.Build.0 = Release|Any CPU
		{82EBF9AE-C9FA-4FE7-8A28-915AE269197F}.Debug|Any CPU.ActiveCfg = Debug|Any CPU
		{82EBF9AE-C9FA-4FE7-8A28-915AE269197F}.Debug|Any CPU.Build.0 = Debug|Any CPU
		{82EBF9AE-C9FA-4FE7-8A28-915AE269197F}.Release|Any CPU.ActiveCfg = Release|Any CPU
		{82EBF9AE-C9FA-4FE7-8A28-915AE269197F}.Release|Any CPU.Build.0 = Release|Any CPU
		{E2528B90-FAA1-41AE-9D6D-D9359EB8ACB1}.Debug|Any CPU.ActiveCfg = Debug|Any CPU
		{E2528B90-FAA1-41AE-9D6D-D9359EB8ACB1}.Debug|Any CPU.Build.0 = Debug|Any CPU
		{E2528B90-FAA1-41AE-9D6D-D9359EB8ACB1}.Release|Any CPU.ActiveCfg = Release|Any CPU
		{E2528B90-FAA1-41AE-9D6D-D9359EB8ACB1}.Release|Any CPU.Build.0 = Release|Any CPU
	EndGlobalSection
EndGlobal
